
Microsoft Visual Studio Solution File, Format Version 12.00
# Visual Studio 15
VisualStudioVersion = 15.0.27004.2009
MinimumVisualStudioVersion = 10.0.40219.1
Project("{9A19103F-16F7-4668-BE54-9A1E7A4F7556}") = "DBMediateka", "DBMediateka\DBMediateka.csproj", "{445EB5AE-8141-4F22-847F-EB66884753BE}"
EndProject
Global
	GlobalSection(SolutionConfigurationPlatforms) = preSolution
		Debug|Any CPU = Debug|Any CPU
		Release|Any CPU = Release|Any CPU
	EndGlobalSection
	GlobalSection(ProjectConfigurationPlatforms) = postSolution
		{445EB5AE-8141-4F22-847F-EB66884753BE}.Debug|Any CPU.ActiveCfg = Debug|Any CPU
		{445EB5AE-8141-4F22-847F-EB66884753BE}.Debug|Any CPU.Build.0 = Debug|Any CPU
		{445EB5AE-8141-4F22-847F-EB66884753BE}.Release|Any CPU.ActiveCfg = Release|Any CPU
		{445EB5AE-8141-4F22-847F-EB66884753BE}.Release|Any CPU.Build.0 = Release|Any CPU
	EndGlobalSection
	GlobalSection(SolutionProperties) = preSolution
		HideSolutionNode = FALSE
	EndGlobalSection
	GlobalSection(ExtensibilityGlobals) = postSolution
		SolutionGuid = {0BFC789D-B78A-4D1F-9425-42FFAEDF895A}
	EndGlobalSection
EndGlobal
